
Microsoft Visual Studio Solution File, Format Version 12.00
# Visual Studio Version 16
VisualStudioVersion = 16.0.31205.134
MinimumVisualStudioVersion = 10.0.40219.1
Project("{8BC9CEB8-8B4A-11D0-8D11-00A0C91BC942}") = "Pointers", "Pointers\Pointers.vcxproj", "{477B826F-9ED9-436F-82A0-E7C21B60EE7A}"
EndProject
Global
	GlobalSection(SolutionConfigurationPlatforms) = preSolution
		Debug|x64 = Debug|x64
		Debug|x86 = Debug|x86
		Release|x64 = Release|x64
		Release|x86 = Release|x86
	EndGlobalSection
	GlobalSection(ProjectConfigurationPlatforms) = postSolution
		{477B826F-9ED9-436F-82A0-E7C21B60EE7A}.Debug|x64.ActiveCfg = Debug|x64
		{477B826F-9ED9-436F-82A0-E7C21B60EE7A}.Debug|x64.Build.0 = Debug|x64
		{477B826F-9ED9-436F-82A0-E7C21B60EE7A}.Debug|x86.ActiveCfg = Debug|Win32
		{477B826F-9ED9-436F-82A0-E7C21B60EE7A}.Debug|x86.Build.0 = Debug|Win32
		{477B826F-9ED9-436F-82A0-E7C21B60EE7A}.Release|x64.ActiveCfg = Release|x64
		{477B826F-9ED9-436F-82A0-E7C21B60EE7A}.Release|x64.Build.0 = Release|x64
		{477B826F-9ED9-436F-82A0-E7C21B60EE7A}.Release|x86.ActiveCfg = Release|Win32
		{477B826F-9ED9-436F-82A0-E7C21B60EE7A}.Release|x86.Build.0 = Release|Win32
	EndGlobalSection
	GlobalSection(SolutionProperties) = preSolution
		HideSolutionNode = FALSE
	EndGlobalSection
	GlobalSection(ExtensibilityGlobals) = postSolution
		SolutionGuid = {29B8A702-F18E-4649-BE6F-8194909D643E}
	EndGlobalSection
EndGlobal
